// !$*UTF8*$!
{
	archiveVersion = 1;
	classes = {
	};
	objectVersion = 77;
	objects = {

/* Begin PBXBuildFile section */
		B42822352F18CEB3006DB845 /* Kingfisher in Frameworks */ = {isa = PBXBuildFile; productRef = B42822342F18CEB3006DB845 /* Kingfisher */; };
		B42822382F18CEC9006DB845 /* Down in Frameworks */ = {isa = PBXBuildFile; productRef = B42822372F18CEC9006DB845 /* Down */; };
/* End PBXBuildFile section */

/* Begin PBXContainerItemProxy section */
		B4CA6AFF2F1799F00095ECFF /* PBXContainerItemProxy */ = {
			isa = PBXContainerItemProxy;
			containerPortal = B4CA6AE02F1799ED0095ECFF /* Project object */;
			proxyType = 1;
			remoteGlobalIDString = B4CA6AE72F1799ED0095ECFF;
			remoteInfo = "Github-Viewer";
		};
		B4CA6B092F1799F00095ECFF /* PBXContainerItemProxy */ = {
			isa = PBXContainerItemProxy;
			containerPortal = B4CA6AE02F1799ED0095ECFF /* Project object */;
			proxyType = 1;
			remoteGlobalIDString = B4CA6AE72F1799ED0095ECFF;
			remoteInfo = "Github-Viewer";
		};
/* End PBXContainerItemProxy section */

/* Begin PBXFileReference section */
		B4CA6AE82F1799ED0095ECFF /* Github-Viewer.app */ = {isa = PBXFileReference; explicitFileType = wrapper.application; includeInIndex = 0; path = "Github-Viewer.app"; sourceTree = BUILT_PRODUCTS_DIR; };
		B4CA6AFE2F1799F00095ECFF /* Github-ViewerTests.xctest */ = {isa = PBXFileReference; explicitFileType = wrapper.cfbundle; includeInIndex = 0; path = "Github-ViewerTests.xctest"; sourceTree = BUILT_PRODUCTS_DIR; };
		B4CA6B082F1799F00095ECFF /* Github-ViewerUITests.xctest */ = {isa = PBXFileReference; explicitFileType = wrapper.cfbundle; includeInIndex = 0; path = "Github-ViewerUITests.xctest"; sourceTree = BUILT_PRODUCTS_DIR; };
/* End PBXFileReference section */

/* Begin PBXFileSystemSynchronizedBuildFileExceptionSet section */
		B4CA6B102F1799F00095ECFF /* Exceptions for "Github-Viewer" folder in "Github-Viewer" target */ = {
			isa = PBXFileSystemSynchronizedBuildFileExceptionSet;
			membershipExceptions = (
				Info.plist,
			);
			target = B4CA6AE72F1799ED0095ECFF /* Github-Viewer */;
		};
/* End PBXFileSystemSynchronizedBuildFileExceptionSet section */

/* Begin PBXFileSystemSynchronizedRootGroup section */
		B4CA6AEA2F1799ED0095ECFF /* Github-Viewer */ = {
			isa = PBXFileSystemSynchronizedRootGroup;
			exceptions = (
				B4CA6B102F1799F00095ECFF /* Exceptions for "Github-Viewer" folder in "Github-Viewer" target */,
			);
			path = "Github-Viewer";
			sourceTree = "<group>";
		};
		B4CA6B012F1799F00095ECFF /* Github-ViewerTests */ = {
			isa = PBXFileSystemSynchronizedRootGroup;
			path = "Github-ViewerTests";
			sourceTree = "<group>";
		};
		B4CA6B0B2F1799F00095ECFF /* Github-ViewerUITests */ = {
			isa = PBXFileSystemSynchronizedRootGroup;
			path = "Github-ViewerUITests";
			sourceTree = "<group>";
		};
/* End PBXFileSystemSynchronizedRootGroup section */

/* Begin PBXFrameworksBuildPhase section */
		B4CA6AE52F1799ED0095ECFF /* Frameworks */ = {
			isa = PBXFrameworksBuildPhase;
			buildActionMask = 2147483647;
			files = (
				B42822382F18CEC9006DB845 /* Down in Frameworks */,
				B42822352F18CEB3006DB845 /* Kingfisher in Frameworks */,
			);
			runOnlyForDeploymentPostprocessing = 0;
		};
		B4CA6AFB2F1799F00095ECFF /* Frameworks */ = {
			isa = PBXFrameworksBuildPhase;
			buildActionMask = 2147483647;
			files = (
			);
			runOnlyForDeploymentPostprocessing = 0;
		};
		B4CA6B052F1799F00095ECFF /* Frameworks */ = {
			isa = PBXFrameworksBuildPhase;
			buildActionMask = 2147483647;
			files = (
			);
			runOnlyForDeploymentPostprocessing = 0;
		};
/* End PBXFrameworksBuildPhase section */

/* Begin PBXGroup section */
		B4CA6ADF2F1799ED0095ECFF = {
			isa = PBXGroup;
			children = (
				B4CA6AEA2F1799ED0095ECFF /* Github-Viewer */,
				B4CA6B012F1799F00095ECFF /* Github-ViewerTests */,
				B4CA6B0B2F1799F00095ECFF /* Github-ViewerUITests */,
				B4CA6AE92F1799ED0095ECFF /* Products */,
			);
			sourceTree = "<group>";
		};
		B4CA6AE92F1799ED0095ECFF /* Products */ = {
			isa = PBXGroup;
			children = (
				B4CA6AE82F1799ED0095ECFF /* Github-Viewer.app */,
				B4CA6AFE2F1799F00095ECFF /* Github-ViewerTests.xctest */,
				B4CA6B082F1799F00095ECFF /* Github-ViewerUITests.xctest */,
			);
			name = Products;
			sourceTree = "<group>";
		};
/* End PBXGroup section */

/* Begin PBXNativeTarget section */
		B4CA6AE72F1799ED0095ECFF /* Github-Viewer */ = {
			isa = PBXNativeTarget;
			buildConfigurationList = B4CA6B112F1799F00095ECFF /* Build configuration list for PBXNativeTarget "Github-Viewer" */;
			buildPhases = (
				B4CA6AE42F1799ED0095ECFF /* Sources */,
				B4CA6AE52F1799ED0095ECFF /* Frameworks */,
				B4CA6AE62F1799ED0095ECFF /* Resources */,
			);
			buildRules = (
			);
			dependencies = (
			);
			fileSystemSynchronizedGroups = (
				B4CA6AEA2F1799ED0095ECFF /* Github-Viewer */,
			);
			name = "Github-Viewer";
			packageProductDependencies = (
				B42822342F18CEB3006DB845 /* Kingfisher */,
				B42822372F18CEC9006DB845 /* Down */,
			);
			productName = "Github-Viewer";
			productReference = B4CA6AE82F1799ED0095ECFF /* Github-Viewer.app */;
			productType = "com.apple.product-type.application";
		};
		B4CA6AFD2F1799F00095ECFF /* Github-ViewerTests */ = {
			isa = PBXNativeTarget;
			buildConfigurationList = B4CA6B162F1799F00095ECFF /* Build configuration list for PBXNativeTarget "Github-ViewerTests" */;
			buildPhases = (
				B4CA6AFA2F1799F00095ECFF /* Sources */,
				B4CA6AFB2F1799F00095ECFF /* Frameworks */,
				B4CA6AFC2F1799F00095ECFF /* Resources */,
			);
			buildRules = (
			);
			dependencies = (
				B4CA6B002F1799F00095ECFF /* PBXTargetDependency */,
			);
			fileSystemSynchronizedGroups = (
				B4CA6B012F1799F00095ECFF /* Github-ViewerTests */,
			);
			name = "Github-ViewerTests";
			packageProductDependencies = (
			);
			productName = "Github-ViewerTests";
			productReference = B4CA6AFE2F1799F00095ECFF /* Github-ViewerTests.xctest */;
			productType = "com.apple.product-type.bundle.unit-test";
		};
		B4CA6B072F1799F00095ECFF /* Github-ViewerUITests */ = {
			isa = PBXNativeTarget;
			buildConfigurationList = B4CA6B192F1799F00095ECFF /* Build configuration list for PBXNativeTarget "Github-ViewerUITests" */;
			buildPhases = (
				B4CA6B042F1799F00095ECFF /* Sources */,
				B4CA6B052F1799F00095ECFF /* Frameworks */,
				B4CA6B062F1799F00095ECFF /* Resources */,
			);
			buildRules = (
			);
			dependencies = (
				B4CA6B0A2F1799F00095ECFF /* PBXTargetDependency */,
			);
			fileSystemSynchronizedGroups = (
				B4CA6B0B2F1799F00095ECFF /* Github-ViewerUITests */,
			);
			name = "Github-ViewerUITests";
			packageProductDependencies = (
			);
			productName = "Github-ViewerUITests";
			productReference = B4CA6B082F1799F00095ECFF /* Github-ViewerUITests.xctest */;
			productType = "com.apple.product-type.bundle.ui-testing";
		};
/* End PBXNativeTarget section */

/* Begin PBXProject section */
		B4CA6AE02F1799ED0095ECFF /* Project object */ = {
			isa = PBXProject;
			attributes = {
				BuildIndependentTargetsInParallel = 1;
				CLASSPREFIX = GHV;
				LastSwiftUpdateCheck = 2620;
				LastUpgradeCheck = 2620;
				ORGANIZATIONNAME = "Sensheng Xu";
				TargetAttributes = {
					B4CA6AE72F1799ED0095ECFF = {
						CreatedOnToolsVersion = 26.2;
					};
					B4CA6AFD2F1799F00095ECFF = {
						CreatedOnToolsVersion = 26.2;
						TestTargetID = B4CA6AE72F1799ED0095ECFF;
					};
					B4CA6B072F1799F00095ECFF = {
						CreatedOnToolsVersion = 26.2;
						TestTargetID = B4CA6AE72F1799ED0095ECFF;
					};
				};
			};
			buildConfigurationList = B4CA6AE32F1799ED0095ECFF /* Build configuration list for PBXProject "Github-Viewer" */;
			developmentRegion = en;
			hasScannedForEncodings = 0;
			knownRegions = (
				en,
				Base,
				"zh-Hans",
			);
			mainGroup = B4CA6ADF2F1799ED0095ECFF;
			minimizedProjectReferenceProxies = 1;
			packageReferences = (
				B42822332F18CEB3006DB845 /* XCRemoteSwiftPackageReference "Kingfisher" */,
				B42822362F18CEC9006DB845 /* XCRemoteSwiftPackageReference "Down" */,
			);
			preferredProjectObjectVersion = 77;
			productRefGroup = B4CA6AE92F1799ED0095ECFF /* Products */;
			projectDirPath = "";
			projectRoot = "";
			targets = (
				B4CA6AE72F1799ED0095ECFF /* Github-Viewer */,
				B4CA6AFD2F1799F00095ECFF /* Github-ViewerTests */,
				B4CA6B072F1799F00095ECFF /* Github-ViewerUITests */,
			);
		};
/* End PBXProject section */

/* Begin PBXResourcesBuildPhase section */
		B4CA6AE62F1799ED0095ECFF /* Resources */ = {
			isa = PBXResourcesBuildPhase;
			buildActionMask = 2147483647;
			files = (
			);
			runOnlyForDeploymentPostprocessing = 0;
		};
		B4CA6AFC2F1799F00095ECFF /* Resources */ = {
			isa = PBXResourcesBuildPhase;
			buildActionMask = 2147483647;
			files = (
			);
			runOnlyForDeploymentPostprocessing = 0;
		};
		B4CA6B062F1799F00095ECFF /* Resources */ = {
			isa = PBXResourcesBuildPhase;
			buildActionMask = 2147483647;
			files = (
			);
			runOnlyForDeploymentPostprocessing = 0;
		};
/* End PBXResourcesBuildPhase section */

/* Begin PBXSourcesBuildPhase section */
		B4CA6AE42F1799ED0095ECFF /* Sources */ = {
			isa = PBXSourcesBuildPhase;
			buildActionMask = 2147483647;
			files = (
			);
			runOnlyForDeploymentPostprocessing = 0;
		};
		B4CA6AFA2F1799F00095ECFF /* Sources */ = {
			isa = PBXSourcesBuildPhase;
			buildActionMask = 2147483647;
			files = (
			);
			runOnlyForDeploymentPostprocessing = 0;
		};
		B4CA6B042F1799F00095ECFF /* Sources */ = {
			isa = PBXSourcesBuildPhase;
			buildActionMask = 2147483647;
			files = (
			);
			runOnlyForDeploymentPostprocessing = 0;
		};
/* End PBXSourcesBuildPhase section */

/* Begin PBXTargetDependency section */
		B4CA6B002F1799F00095ECFF /* PBXTargetDependency */ = {
			isa = PBXTargetDependency;
			target = B4CA6AE72F1799ED0095ECFF /* Github-Viewer */;
			targetProxy = B4CA6AFF2F1799F00095ECFF /* PBXContainerItemProxy */;
		};
		B4CA6B0A2F1799F00095ECFF /* PBXTargetDependency */ = {
			isa = PBXTargetDependency;
			target = B4CA6AE72F1799ED0095ECFF /* Github-Viewer */;
			targetProxy = B4CA6B092F1799F00095ECFF /* PBXContainerItemProxy */;
		};
/* End PBXTargetDependency section */

/* Begin XCBuildConfiguration section */
		B4CA6B122F1799F00095ECFF /* Debug */ = {
			isa = XCBuildConfiguration;
			buildSettings = {
				ASSETCATALOG_COMPILER_APPICON_NAME = AppIcon;
				ASSETCATALOG_COMPILER_GLOBAL_ACCENT_COLOR_NAME = AccentColor;
				CODE_SIGN_STYLE = Automatic;
				CURRENT_PROJECT_VERSION = 1;
				DEVELOPMENT_TEAM = ZYTFPL268N;
				GENERATE_INFOPLIST_FILE = YES;
				INFOPLIST_FILE = "Github-Viewer/Info.plist";
				INFOPLIST_KEY_LSApplicationCategoryType = "public.app-category.utilities";
				INFOPLIST_KEY_UIApplicationSupportsIndirectInputEvents = YES;
				INFOPLIST_KEY_UILaunchStoryboardName = LaunchScreen;
				INFOPLIST_KEY_UIMainStoryboardFile = Main;
				INFOPLIST_KEY_UISupportedInterfaceOrientations_iPad = "UIInterfaceOrientationPortrait UIInterfaceOrientationPortraitUpsideDown UIInterfaceOrientationLandscapeLeft UIInterfaceOrientationLandscapeRight";
				INFOPLIST_KEY_UISupportedInterfaceOrientations_iPhone = "UIInterfaceOrientationPortrait UIInterfaceOrientationLandscapeLeft UIInterfaceOrientationLandscapeRight";
				IPHONEOS_DEPLOYMENT_TARGET = 14.0;
				LD_RUNPATH_SEARCH_PATHS = (
					"$(inherited)",
					"@executable_path/Frameworks",
				);
				MARKETING_VERSION = 1.0;
				PRODUCT_BUNDLE_IDENTIFIER = "me.sensheng.Github-Viewer";
				PRODUCT_NAME = "$(TARGET_NAME)";
				STRING_CATALOG_GENERATE_SYMBOLS = YES;
				SWIFT_APPROACHABLE_CONCURRENCY = YES;
				SWIFT_DEFAULT_ACTOR_ISOLATION = MainActor;
				SWIFT_EMIT_LOC_STRINGS = YES;
				SWIFT_UPCOMING_FEATURE_MEMBER_IMPORT_VISIBILITY = YES;
				SWIFT_VERSION = 5.0;
				TARGETED_DEVICE_FAMILY = "1,2";
			};
			name = Debug;
		};
		B4CA6B132F1799F00095ECFF /* Release */ = {
			isa = XCBuildConfiguration;
			buildSettings = {
				ASSETCATALOG_COMPILER_APPICON_NAME = AppIcon;
				ASSETCATALOG_COMPILER_GLOBAL_ACCENT_COLOR_NAME = AccentColor;
				CODE_SIGN_STYLE = Automatic;
				CURRENT_PROJECT_VERSION = 1;
				DEVELOPMENT_TEAM = ZYTFPL268N;
				GENERATE_INFOPLIST_FILE = YES;
				INFOPLIST_FILE = "Github-Viewer/Info.plist";
				INFOPLIST_KEY_LSApplicationCategoryType = "public.app-category.utilities";
				INFOPLIST_KEY_UIApplicationSupportsIndirectInputEvents = YES;
				INFOPLIST_KEY_UILaunchStoryboardName = LaunchScreen;
				INFOPLIST_KEY_UIMainStoryboardFile = Main;
				INFOPLIST_KEY_UISupportedInterfaceOrientations_iPad = "UIInterfaceOrientationPortrait UIInterfaceOrientationPortraitUpsideDown UIInterfaceOrientationLandscapeLeft UIInterfaceOrientationLandscapeRight";
				INFOPLIST_KEY_UISupportedInterfaceOrientations_iPhone = "UIInterfaceOrientationPortrait UIInterfaceOrientationLandscapeLeft UIInterfaceOrientationLandscapeRight";
				IPHONEOS_DEPLOYMENT_TARGET = 14.0;
				LD_RUNPATH_SEARCH_PATHS = (
					"$(inherited)",
					"@executable_path/Frameworks",
				);
				MARKETING_VERSION = 1.0;
				PRODUCT_BUNDLE_IDENTIFIER = "me.sensheng.Github-Viewer";
				PRODUCT_NAME = "$(TARGET_NAME)";
				STRING_CATALOG_GENERATE_SYMBOLS = YES;
				SWIFT_APPROACHABLE_CONCURRENCY = YES;
				SWIFT_DEFAULT_ACTOR_ISOLATION = MainActor;
				SWIFT_EMIT_LOC_STRINGS = YES;
				SWIFT_UPCOMING_FEATURE_MEMBER_IMPORT_VISIBILITY = YES;
				SWIFT_VERSION = 5.0;
				TARGETED_DEVICE_FAMILY = "1,2";
			};
			name = Release;
		};
		B4CA6B142F1799F00095ECFF /* Debug */ = {
			isa = XCBuildConfiguration;
			buildSettings = {
				ALWAYS_SEARCH_USER_PATHS = NO;
				ASSETCATALOG_COMPILER_GENERATE_SWIFT_ASSET_SYMBOL_EXTENSIONS = YES;
				CLANG_ANALYZER_NONNULL = YES;
				CLANG_ANALYZER_NUMBER_OBJECT_CONVERSION = YES_AGGRESSIVE;
				CLANG_CXX_LANGUAGE_STANDARD = "gnu++20";
				CLANG_ENABLE_MODULES = YES;
				CLANG_ENABLE_OBJC_ARC = YES;
				CLANG_ENABLE_OBJC_WEAK = YES;
				CLANG_WARN_BLOCK_CAPTURE_AUTORELEASING = YES;
				CLANG_WARN_BOOL_CONVERSION = YES;
				CLANG_WARN_COMMA = YES;
				CLANG_WARN_CONSTANT_CONVERSION = YES;
				CLANG_WARN_DEPRECATED_OBJC_IMPLEMENTATIONS = YES;
				CLANG_WARN_DIRECT_OBJC_ISA_USAGE = YES_ERROR;
				CLANG_WARN_DOCUMENTATION_COMMENTS = YES;
				CLANG_WARN_EMPTY_BODY = YES;
				CLANG_WARN_ENUM_CONVERSION = YES;
				CLANG_WARN_INFINITE_RECURSION = YES;
				CLANG_WARN_INT_CONVERSION = YES;
				CLANG_WARN_NON_LITERAL_NULL_CONVERSION = YES;
				CLANG_WARN_OBJC_IMPLICIT_RETAIN_SELF = YES;
				CLANG_WARN_OBJC_LITERAL_CONVERSION = YES;
				CLANG_WARN_OBJC_ROOT_CLASS = YES_ERROR;
				CLANG_WARN_QUOTED_INCLUDE_IN_FRAMEWORK_HEADER = YES;
				CLANG_WARN_RANGE_LOOP_ANALYSIS = YES;
				CLANG_WARN_STRICT_PROTOTYPES = YES;
				CLANG_WARN_SUSPICIOUS_MOVE = YES;
				CLANG_WARN_UNGUARDED_AVAILABILITY = YES_AGGRESSIVE;
				CLANG_WARN_UNREACHABLE_CODE = YES;
				CLANG_WARN__DUPLICATE_METHOD_MATCH = YES;
				COPY_PHASE_STRIP = NO;
				DEBUG_INFORMATION_FORMAT = dwarf;
				DEVELOPMENT_TEAM = ZYTFPL268N;
				ENABLE_STRICT_OBJC_MSGSEND = YES;
				ENABLE_TESTABILITY = YES;
				ENABLE_USER_SCRIPT_SANDBOXING = YES;
				GCC_C_LANGUAGE_STANDARD = gnu17;
				GCC_DYNAMIC_NO_PIC = NO;
				GCC_NO_COMMON_BLOCKS = YES;
				GCC_OPTIMIZATION_LEVEL = 0;
				GCC_PREPROCESSOR_DEFINITIONS = (
					"DEBUG=1",
					"$(inherited)",
				);
				GCC_WARN_64_TO_32_BIT_CONVERSION = YES;
				GCC_WARN_ABOUT_RETURN_TYPE = YES_ERROR;
				GCC_WARN_UNDECLARED_SELECTOR = YES;
				GCC_WARN_UNINITIALIZED_AUTOS = YES_AGGRESSIVE;
				GCC_WARN_UNUSED_FUNCTION = YES;
				GCC_WARN_UNUSED_VARIABLE = YES;
				IPHONEOS_DEPLOYMENT_TARGET = 26.2;
				LOCALIZATION_PREFERS_STRING_CATALOGS = YES;
				MTL_ENABLE_DEBUG_INFO = INCLUDE_SOURCE;
				MTL_FAST_MATH = YES;
				ONLY_ACTIVE_ARCH = YES;
				SDKROOT = iphoneos;
				SWIFT_ACTIVE_COMPILATION_CONDITIONS = "DEBUG $(inherited)";
				SWIFT_OPTIMIZATION_LEVEL = "-Onone";
			};
			name = Debug;
		};
		B4CA6B152F1799F00095ECFF /* Release */ = {
			isa = XCBuildConfiguration;
			buildSettings = {
				ALWAYS_SEARCH_USER_PATHS = NO;
				ASSETCATALOG_COMPILER_GENERATE_SWIFT_ASSET_SYMBOL_EXTENSIONS = YES;
				CLANG_ANALYZER_NONNULL = YES;
				CLANG_ANALYZER_NUMBER_OBJECT_CONVERSION = YES_AGGRESSIVE;
				CLANG_CXX_LANGUAGE_STANDARD = "gnu++20";
				CLANG_ENABLE_MODULES = YES;
				CLANG_ENABLE_OBJC_ARC = YES;
				CLANG_ENABLE_OBJC_WEAK = YES;
				CLANG_WARN_BLOCK_CAPTURE_AUTORELEASING = YES;
				CLANG_WARN_BOOL_CONVERSION = YES;
				CLANG_WARN_COMMA = YES;
				CLANG_WARN_CONSTANT_CONVERSION = YES;
				CLANG_WARN_DEPRECATED_OBJC_IMPLEMENTATIONS = YES;
				CLANG_WARN_DIRECT_OBJC_ISA_USAGE = YES_ERROR;
				CLANG_WARN_DOCUMENTATION_COMMENTS = YES;
				CLANG_WARN_EMPTY_BODY = YES;
				CLANG_WARN_ENUM_CONVERSION = YES;
				CLANG_WARN_INFINITE_RECURSION = YES;
				CLANG_WARN_INT_CONVERSION = YES;
				CLANG_WARN_NON_LITERAL_NULL_CONVERSION = YES;
				CLANG_WARN_OBJC_IMPLICIT_RETAIN_SELF = YES;
				CLANG_WARN_OBJC_LITERAL_CONVERSION = YES;
				CLANG_WARN_OBJC_ROOT_CLASS = YES_ERROR;
				CLANG_WARN_QUOTED_INCLUDE_IN_FRAMEWORK_HEADER = YES;
				CLANG_WARN_RANGE_LOOP_ANALYSIS = YES;
				CLANG_WARN_STRICT_PROTOTYPES = YES;
				CLANG_WARN_SUSPICIOUS_MOVE = YES;
				CLANG_WARN_UNGUARDED_AVAILABILITY = YES_AGGRESSIVE;
				CLANG_WARN_UNREACHABLE_CODE = YES;
				CLANG_WARN__DUPLICATE_METHOD_MATCH = YES;
				COPY_PHASE_STRIP = NO;
				DEBUG_INFORMATION_FORMAT = "dwarf-with-dsym";
				DEVELOPMENT_TEAM = ZYTFPL268N;
				ENABLE_NS_ASSERTIONS = NO;
				ENABLE_STRICT_OBJC_MSGSEND = YES;
				ENABLE_USER_SCRIPT_SANDBOXING = YES;
				GCC_C_LANGUAGE_STANDARD = gnu17;
				GCC_NO_COMMON_BLOCKS = YES;
				GCC_WARN_64_TO_32_BIT_CONVERSION = YES;
				GCC_WARN_ABOUT_RETURN_TYPE = YES_ERROR;
				GCC_WARN_UNDECLARED_SELECTOR = YES;
				GCC_WARN_UNINITIALIZED_AUTOS = YES_AGGRESSIVE;
				GCC_WARN_UNUSED_FUNCTION = YES;
				GCC_WARN_UNUSED_VARIABLE = YES;
				IPHONEOS_DEPLOYMENT_TARGET = 26.2;
				LOCALIZATION_PREFERS_STRING_CATALOGS = YES;
				MTL_ENABLE_DEBUG_INFO = NO;
				MTL_FAST_MATH = YES;
				SDKROOT = iphoneos;
				SWIFT_COMPILATION_MODE = wholemodule;
				VALIDATE_PRODUCT = YES;
			};
			name = Release;
		};
		B4CA6B172F1799F00095ECFF /* Debug */ = {
			isa = XCBuildConfiguration;
			buildSettings = {
				BUNDLE_LOADER = "$(TEST_HOST)";
				CODE_SIGN_STYLE = Automatic;
				CURRENT_PROJECT_VERSION = 1;
				DEVELOPMENT_TEAM = ZYTFPL268N;
				GENERATE_INFOPLIST_FILE = YES;
				IPHONEOS_DEPLOYMENT_TARGET = 26.2;
				MARKETING_VERSION = 1.0;
				PRODUCT_BUNDLE_IDENTIFIER = "me.sensheng.Github-ViewerTests";
				PRODUCT_NAME = "$(TARGET_NAME)";
				STRING_CATALOG_GENERATE_SYMBOLS = NO;
				SWIFT_APPROACHABLE_CONCURRENCY = YES;
				SWIFT_EMIT_LOC_STRINGS = NO;
				SWIFT_UPCOMING_FEATURE_MEMBER_IMPORT_VISIBILITY = YES;
				SWIFT_VERSION = 5.0;
				TARGETED_DEVICE_FAMILY = "1,2";
				TEST_HOST = "$(BUILT_PRODUCTS_DIR)/Github-Viewer.app/$(BUNDLE_EXECUTABLE_FOLDER_PATH)/Github-Viewer";
			};
			name = Debug;
		};
		B4CA6B182F1799F00095ECFF /* Release */ = {
			isa = XCBuildConfiguration;
			buildSettings = {
				BUNDLE_LOADER = "$(TEST_HOST)";
				CODE_SIGN_STYLE = Automatic;
				CURRENT_PROJECT_VERSION = 1;
				DEVELOPMENT_TEAM = ZYTFPL268N;
				GENERATE_INFOPLIST_FILE = YES;
				IPHONEOS_DEPLOYMENT_TARGET = 26.2;
				MARKETING_VERSION = 1.0;
				PRODUCT_BUNDLE_IDENTIFIER = "me.sensheng.Github-ViewerTests";
				PRODUCT_NAME = "$(TARGET_NAME)";
				STRING_CATALOG_GENERATE_SYMBOLS = NO;
				SWIFT_APPROACHABLE_CONCURRENCY = YES;
				SWIFT_EMIT_LOC_STRINGS = NO;
				SWIFT_UPCOMING_FEATURE_MEMBER_IMPORT_VISIBILITY = YES;
				SWIFT_VERSION = 5.0;
				TARGETED_DEVICE_FAMILY = "1,2";
				TEST_HOST = "$(BUILT_PRODUCTS_DIR)/Github-Viewer.app/$(BUNDLE_EXECUTABLE_FOLDER_PATH)/Github-Viewer";
			};
			name = Release;
		};
		B4CA6B1A2F1799F00095ECFF /* Debug */ = {
			isa = XCBuildConfiguration;
			buildSettings = {
				CODE_SIGN_STYLE = Automatic;
				CURRENT_PROJECT_VERSION = 1;
				DEVELOPMENT_TEAM = ZYTFPL268N;
				GENERATE_INFOPLIST_FILE = YES;
				MARKETING_VERSION = 1.0;
				PRODUCT_BUNDLE_IDENTIFIER = "me.sensheng.Github-ViewerUITests";
				PRODUCT_NAME = "$(TARGET_NAME)";
				STRING_CATALOG_GENERATE_SYMBOLS = NO;
				SWIFT_APPROACHABLE_CONCURRENCY = YES;
				SWIFT_EMIT_LOC_STRINGS = NO;
				SWIFT_UPCOMING_FEATURE_MEMBER_IMPORT_VISIBILITY = YES;
				SWIFT_VERSION = 5.0;
				TARGETED_DEVICE_FAMILY = "1,2";
				TEST_TARGET_NAME = "Github-Viewer";
			};
			name = Debug;
		};
		B4CA6B1B2F1799F00095ECFF /* Release */ = {
			isa = XCBuildConfiguration;
			buildSettings = {
				CODE_SIGN_STYLE = Automatic;
				CURRENT_PROJECT_VERSION = 1;
				DEVELOPMENT_TEAM = ZYTFPL268N;
				GENERATE_INFOPLIST_FILE = YES;
				MARKETING_VERSION = 1.0;
				PRODUCT_BUNDLE_IDENTIFIER = "me.sensheng.Github-ViewerUITests";
				PRODUCT_NAME = "$(TARGET_NAME)";
				STRING_CATALOG_GENERATE_SYMBOLS = NO;
				SWIFT_APPROACHABLE_CONCURRENCY = YES;
				SWIFT_EMIT_LOC_STRINGS = NO;
				SWIFT_UPCOMING_FEATURE_MEMBER_IMPORT_VISIBILITY = YES;
				SWIFT_VERSION = 5.0;
				TARGETED_DEVICE_FAMILY = "1,2";
				TEST_TARGET_NAME = "Github-Viewer";
			};
			name = Release;
		};
/* End XCBuildConfiguration section */

/* Begin XCConfigurationList section */
		B4CA6AE32F1799ED0095ECFF /* Build configuration list for PBXProject "Github-Viewer" */ = {
			isa = XCConfigurationList;
			buildConfigurations = (
				B4CA6B142F1799F00095ECFF /* Debug */,
				B4CA6B152F1799F00095ECFF /* Release */,
			);
			defaultConfigurationIsVisible = 0;
			defaultConfigurationName = Release;
		};
		B4CA6B112F1799F00095ECFF /* Build configuration list for PBXNativeTarget "Github-Viewer" */ = {
			isa = XCConfigurationList;
			buildConfigurations = (
				B4CA6B122F1799F00095ECFF /* Debug */,
				B4CA6B132F1799F00095ECFF /* Release */,
			);
			defaultConfigurationIsVisible = 0;
			defaultConfigurationName = Release;
		};
		B4CA6B162F1799F00095ECFF /* Build configuration list for PBXNativeTarget "Github-ViewerTests" */ = {
			isa = XCConfigurationList;
			buildConfigurations = (
				B4CA6B172F1799F00095ECFF /* Debug */,
				B4CA6B182F1799F00095ECFF /* Release */,
			);
			defaultConfigurationIsVisible = 0;
			defaultConfigurationName = Release;
		};
		B4CA6B192F1799F00095ECFF /* Build configuration list for PBXNativeTarget "Github-ViewerUITests" */ = {
			isa = XCConfigurationList;
			buildConfigurations = (
				B4CA6B1A2F1799F00095ECFF /* Debug */,
				B4CA6B1B2F1799F00095ECFF /* Release */,
			);
			defaultConfigurationIsVisible = 0;
			defaultConfigurationName = Release;
		};
/* End XCConfigurationList section */

/* Begin XCRemoteSwiftPackageReference section */
		B42822332F18CEB3006DB845 /* XCRemoteSwiftPackageReference "Kingfisher" */ = {
			isa = XCRemoteSwiftPackageReference;
			repositoryURL = "https://github.com/onevcat/Kingfisher.git";
			requirement = {
				kind = upToNextMinorVersion;
				minimumVersion = 8.6.2;
			};
		};
		B42822362F18CEC9006DB845 /* XCRemoteSwiftPackageReference "Down" */ = {
			isa = XCRemoteSwiftPackageReference;
			repositoryURL = "https://github.com/johnxnguyen/Down.git";
			requirement = {
				branch = master;
				kind = branch;
			};
		};
/* End XCRemoteSwiftPackageReference section */

/* Begin XCSwiftPackageProductDependency section */
		B42822342F18CEB3006DB845 /* Kingfisher */ = {
			isa = XCSwiftPackageProductDependency;
			package = B42822332F18CEB3006DB845 /* XCRemoteSwiftPackageReference "Kingfisher" */;
			productName = Kingfisher;
		};
		B42822372F18CEC9006DB845 /* Down */ = {
			isa = XCSwiftPackageProductDependency;
			package = B42822362F18CEC9006DB845 /* XCRemoteSwiftPackageReference "Down" */;
			productName = Down;
		};
/* End XCSwiftPackageProductDependency section */
	};
	rootObject = B4CA6AE02F1799ED0095ECFF /* Project object */;
}
